
Microsoft Visual Studio Solution File, Format Version 12.00
# Visual Studio Version 17
VisualStudioVersion = 17.10.35013.160
MinimumVisualStudioVersion = 10.0.40219.1
Project("{FAE04EC0-301F-11D3-BF4B-00C04F79EFBC}") = "plagiarismDetector", "plagiarismDetector\plagiarismDetector.csproj", "{8D4B8953-4E27-46A9-8742-8558A6F2EEC2}"
EndProject
Global
	GlobalSection(SolutionConfigurationPlatforms) = preSolution
		Debug|Any CPU = Debug|Any CPU
		Release|Any CPU = Release|Any CPU
	EndGlobalSection
	GlobalSection(ProjectConfigurationPlatforms) = postSolution
		{8D4B8953-4E27-46A9-8742-8558A6F2EEC2}.Debug|Any CPU.ActiveCfg = Debug|Any CPU
		{8D4B8953-4E27-46A9-8742-8558A6F2EEC2}.Debug|Any CPU.Build.0 = Debug|Any CPU
		{8D4B8953-4E27-46A9-8742-8558A6F2EEC2}.Release|Any CPU.ActiveCfg = Release|Any CPU
		{8D4B8953-4E27-46A9-8742-8558A6F2EEC2}.Release|Any CPU.Build.0 = Release|Any CPU
	EndGlobalSection
	GlobalSection(SolutionProperties) = preSolution
		HideSolutionNode = FALSE
	EndGlobalSection
	GlobalSection(ExtensibilityGlobals) = postSolution
		SolutionGuid = {F0DEE6FD-0429-4208-ABDB-CE7BDFF63A72}
	EndGlobalSection
EndGlobal
